{
  "name": "typebox-repro",
  "version": "1.0.0",
  "lockfileVersion": 2,
  "requires": true,
  "packages": {
    "": {
      "name": "typebox-repro",
      "version": "1.0.0",
      "license": "ISC",
      "dependencies": {
        "@sinclair/typebox": "0.28.6",
        "typescript": "4.8.4"
      }
    },
    "node_modules/@sinclair/typebox": {
      "version": "0.28.6",
      "resolved": "https://registry.npmjs.org/@sinclair/typebox/-/typebox-0.28.6.tgz",
      "integrity": "sha512-dIlAWjH0O0zK2w0YDhLX0vYy75sE0Ie+w9NL3hWCXbegQZMgTc7RVMeNLUem6PDwN1YvKo8oZIFXEsqTM7pVDw=="
    },
    "node_modules/typescript": {
      "version": "4.8.4",
      "resolved": "https://registry.npmjs.org/typescript/-/typescript-4.8.4.tgz",
      "integrity": "sha512-QCh+85mCy+h0IGff8r5XWzOVSbBO+KfeYrMQh7NJ58QujwcE22u+NUSmUxqF+un70P9GXKxa2HCNiTTMJknyjQ==",
      "bin": {
        "tsc": "bin/tsc",
        "tsserver": "bin/tsserver"
      },
      "engines": {
        "node": ">=4.2.0"
      }
    }
  },
  "dependencies": {
    "@sinclair/typebox": {
      "version": "0.28.6",
      "resolved": "https://registry.npmjs.org/@sinclair/typebox/-/typebox-0.28.6.tgz",
      "integrity": "sha512-dIlAWjH0O0zK2w0YDhLX0vYy75sE0Ie+w9NL3hWCXbegQZMgTc7RVMeNLUem6PDwN1YvKo8oZIFXEsqTM7pVDw=="
    },
    "typescript": {
      "version": "4.8.4",
      "resolved": "https://registry.npmjs.org/typescript/-/typescript-4.8.4.tgz",
      "integrity": "sha512-QCh+85mCy+h0IGff8r5XWzOVSbBO+KfeYrMQh7NJ58QujwcE22u+NUSmUxqF+un70P9GXKxa2HCNiTTMJknyjQ=="
    }
  }
}
